
Microsoft Visual Studio Solution File, Format Version 12.00
# Visual Studio 2012
Project("{8BC9CEB8-8B4A-11D0-8D11-00A0C91BC942}") = "litenet", "litenet.vcxproj", "{3EC91E4E-08F7-4163-A40E-9B5672EB0BFB}"
EndProject
Project("{8BC9CEB8-8B4A-11D0-8D11-00A0C91BC942}") = "test", "test.vcxproj", "{20278A1C-B144-40B5-BAE0-69E1E1CBC7D1}"
	ProjectSection(ProjectDependencies) = postProject
		{3EC91E4E-08F7-4163-A40E-9B5672EB0BFB} = {3EC91E4E-08F7-4163-A40E-9B5672EB0BFB}
	EndProjectSection
EndProject
Project("{8BC9CEB8-8B4A-11D0-8D11-00A0C91BC942}") = "testC", "testC.vcxproj", "{A59F5A8B-3CAB-4A4C-923E-9BC8396BEC98}"
	ProjectSection(ProjectDependencies) = postProject
		{3EC91E4E-08F7-4163-A40E-9B5672EB0BFB} = {3EC91E4E-08F7-4163-A40E-9B5672EB0BFB}
	EndProjectSection
EndProject
Global
	GlobalSection(SolutionConfigurationPlatforms) = preSolution
		Debug|Win32 = Debug|Win32
		Release|Win32 = Release|Win32
	EndGlobalSection
	GlobalSection(ProjectConfigurationPlatforms) = postSolution
		{3EC91E4E-08F7-4163-A40E-9B5672EB0BFB}.Debug|Win32.ActiveCfg = Debug|Win32
		{3EC91E4E-08F7-4163-A40E-9B5672EB0BFB}.Debug|Win32.Build.0 = Debug|Win32
		{3EC91E4E-08F7-4163-A40E-9B5672EB0BFB}.Release|Win32.ActiveCfg = Release|Win32
		{3EC91E4E-08F7-4163-A40E-9B5672EB0BFB}.Release|Win32.Build.0 = Release|Win32
		{20278A1C-B144-40B5-BAE0-69E1E1CBC7D1}.Debug|Win32.ActiveCfg = Debug|Win32
		{20278A1C-B144-40B5-BAE0-69E1E1CBC7D1}.Debug|Win32.Build.0 = Debug|Win32
		{20278A1C-B144-40B5-BAE0-69E1E1CBC7D1}.Release|Win32.ActiveCfg = Release|Win32
		{20278A1C-B144-40B5-BAE0-69E1E1CBC7D1}.Release|Win32.Build.0 = Release|Win32
		{A59F5A8B-3CAB-4A4C-923E-9BC8396BEC98}.Debug|Win32.ActiveCfg = Debug|Win32
		{A59F5A8B-3CAB-4A4C-923E-9BC8396BEC98}.Debug|Win32.Build.0 = Debug|Win32
		{A59F5A8B-3CAB-4A4C-923E-9BC8396BEC98}.Release|Win32.ActiveCfg = Release|Win32
		{A59F5A8B-3CAB-4A4C-923E-9BC8396BEC98}.Release|Win32.Build.0 = Release|Win32
	EndGlobalSection
	GlobalSection(SolutionProperties) = preSolution
		HideSolutionNode = FALSE
	EndGlobalSection
EndGlobal
